
Microsoft Visual Studio Solution File, Format Version 12.00
# Visual Studio Version 16
VisualStudioVersion = 16.0.810.25
MinimumVisualStudioVersion = 10.0.40219.1
Project("{FAE04EC0-301F-11D3-BF4B-00C04F79EFBC}") = "BIS325_Program_10_Amount_Due", "BIS325_Program_10_Amount_Due\BIS325_Program_10_Amount_Due.csproj", "{4858169B-6CF7-4453-A18D-C467AC8D9574}"
EndProject
Global
	GlobalSection(SolutionConfigurationPlatforms) = preSolution
		Debug|Any CPU = Debug|Any CPU
		Release|Any CPU = Release|Any CPU
	EndGlobalSection
	GlobalSection(ProjectConfigurationPlatforms) = postSolution
		{4858169B-6CF7-4453-A18D-C467AC8D9574}.Debug|Any CPU.ActiveCfg = Debug|Any CPU
		{4858169B-6CF7-4453-A18D-C467AC8D9574}.Debug|Any CPU.Build.0 = Debug|Any CPU
		{4858169B-6CF7-4453-A18D-C467AC8D9574}.Release|Any CPU.ActiveCfg = Release|Any CPU
		{4858169B-6CF7-4453-A18D-C467AC8D9574}.Release|Any CPU.Build.0 = Release|Any CPU
	EndGlobalSection
	GlobalSection(SolutionProperties) = preSolution
		HideSolutionNode = FALSE
	EndGlobalSection
	GlobalSection(ExtensibilityGlobals) = postSolution
		SolutionGuid = {9B98DD0D-48B7-4E92-A671-448C3204B6DA}
	EndGlobalSection
EndGlobal
